{
  "name": "salambolog",
  "version": "1.0.0",
  "lockfileVersion": 1,
  "requires": true,
  "dependencies": {
    "jquery": {
      "version": "3.3.1",
      "resolved": "https://registry.npmjs.org/jquery/-/jquery-3.3.1.tgz",
      "integrity": "sha512-Ubldcmxp5np52/ENotGxlLe6aGMvmF4R8S6tZjsP6Knsaxd/xp3Zrh50cG93lR6nPXyUFwzN3ZSOQI0wRJNdGg=="
    },
    "owl.carousel": {
      "version": "2.3.3",
      "resolved": "https://registry.npmjs.org/owl.carousel/-/owl.carousel-2.3.3.tgz",
      "integrity": "sha512-bNIaLcLvpp6jLEp34PzB4VdFjvDGoIs+E5/d+yzDWSFpkPoUEcvAzqBkpsxpcwEcRIKbNvFO9RVdJzKSoiSdAg==",
      "requires": {
        "jquery": "3.3.1"
      }
    }
  }
}
